
Microsoft Visual Studio Solution File, Format Version 12.00
# Visual Studio 2012
Project("{FAE04EC0-301F-11D3-BF4B-00C04F79EFBC}") = "ERPMercuryPlan", "ERPMercuryPlan.csproj", "{F349CD79-D962-4271-8A25-C2D33F0CB9DA}"
EndProject
Global
	GlobalSection(SubversionScc) = preSolution
		Svn-Managed = True
		Manager = AnkhSVN - Subversion Support for Visual Studio
	EndGlobalSection
	GlobalSection(SolutionConfigurationPlatforms) = preSolution
		Debug|Any CPU = Debug|Any CPU
		Release|Any CPU = Release|Any CPU
	EndGlobalSection
	GlobalSection(ProjectConfigurationPlatforms) = postSolution
		{F349CD79-D962-4271-8A25-C2D33F0CB9DA}.Debug|Any CPU.ActiveCfg = Debug|Any CPU
		{F349CD79-D962-4271-8A25-C2D33F0CB9DA}.Debug|Any CPU.Build.0 = Debug|Any CPU
		{F349CD79-D962-4271-8A25-C2D33F0CB9DA}.Release|Any CPU.ActiveCfg = Release|Any CPU
		{F349CD79-D962-4271-8A25-C2D33F0CB9DA}.Release|Any CPU.Build.0 = Release|Any CPU
	EndGlobalSection
	GlobalSection(SolutionProperties) = preSolution
		HideSolutionNode = FALSE
	EndGlobalSection
EndGlobal
